// !$*UTF8*$!
{
	archiveVersion = 1;
	classes = {
	};
	objectVersion = 50;
	objects = {

/* Begin PBXBuildFile section */
		CF034B472181C259003ED8D0 /* DetailAccessoryView.swift in Sources */ = {isa = PBXBuildFile; fileRef = CF034B462181C259003ED8D0 /* DetailAccessoryView.swift */; };
		CF034B492181C26C003ED8D0 /* DetailAccessoryView.xib in Resources */ = {isa = PBXBuildFile; fileRef = CF034B482181C26C003ED8D0 /* DetailAccessoryView.xib */; };
		CF1722742173448F009E3577 /* AppDelegate.swift in Sources */ = {isa = PBXBuildFile; fileRef = CF1722732173448F009E3577 /* AppDelegate.swift */; };
		CF17227B21734490009E3577 /* Assets.xcassets in Resources */ = {isa = PBXBuildFile; fileRef = CF17227A21734490009E3577 /* Assets.xcassets */; };
		CF17227E21734490009E3577 /* LaunchScreen.storyboard in Resources */ = {isa = PBXBuildFile; fileRef = CF17227C21734490009E3577 /* LaunchScreen.storyboard */; };
		CF348A38218C53D6007A1F6F /* PassDetailsViewController.swift in Sources */ = {isa = PBXBuildFile; fileRef = CF348A36218C53D6007A1F6F /* PassDetailsViewController.swift */; };
		CF348A39218C53D6007A1F6F /* PassDetailsViewController.xib in Resources */ = {isa = PBXBuildFile; fileRef = CF348A37218C53D6007A1F6F /* PassDetailsViewController.xib */; };
		CF348A3B218C627A007A1F6F /* PassDetailsDataSource.swift in Sources */ = {isa = PBXBuildFile; fileRef = CF348A3A218C627A007A1F6F /* PassDetailsDataSource.swift */; };
		CF354635217E12D300759A84 /* Extensions.swift in Sources */ = {isa = PBXBuildFile; fileRef = CF354634217E12D300759A84 /* Extensions.swift */; };
		CF3AABB421F7621500A626D2 /* DependencyContainer.swift in Sources */ = {isa = PBXBuildFile; fileRef = CF3AABB321F7621500A626D2 /* DependencyContainer.swift */; };
		CF43347B2187082600473B97 /* PassCell.swift in Sources */ = {isa = PBXBuildFile; fileRef = CF4334792187082600473B97 /* PassCell.swift */; };
		CF43347C2187082600473B97 /* PassCell.xib in Resources */ = {isa = PBXBuildFile; fileRef = CF43347A2187082600473B97 /* PassCell.xib */; };
		CF4E3FA321E0B4050019EBC0 /* DistanceAndTravelTimeCell.swift in Sources */ = {isa = PBXBuildFile; fileRef = CF4E3FA121E0B4050019EBC0 /* DistanceAndTravelTimeCell.swift */; };
		CF4E3FA421E0B4050019EBC0 /* DistanceAndTravelTimeCell.xib in Resources */ = {isa = PBXBuildFile; fileRef = CF4E3FA221E0B4050019EBC0 /* DistanceAndTravelTimeCell.xib */; };
		CF88578A21D6264400F96511 /* UserLocation.swift in Sources */ = {isa = PBXBuildFile; fileRef = CF88578921D6264400F96511 /* UserLocation.swift */; };
		CFD094CA217CC8F600D350F1 /* JsonFile.swift in Sources */ = {isa = PBXBuildFile; fileRef = CFD094C9217CC8F600D350F1 /* JsonFile.swift */; };
		CFD094CC217CCA4900D350F1 /* PassMarkerView.swift in Sources */ = {isa = PBXBuildFile; fileRef = CFD094CB217CCA4900D350F1 /* PassMarkerView.swift */; };
		CFD094CE217CD38100D350F1 /* Passes.json in Resources */ = {isa = PBXBuildFile; fileRef = CFD094CD217CD38100D350F1 /* Passes.json */; };
		CFD36AFC217A19090025BB34 /* Pass.swift in Sources */ = {isa = PBXBuildFile; fileRef = CFD36AFB217A19090025BB34 /* Pass.swift */; };
		CFD5B7E7218B4A230047C521 /* CellRepresentable.swift in Sources */ = {isa = PBXBuildFile; fileRef = CFD5B7E6218B4A230047C521 /* CellRepresentable.swift */; };
		CFD5B7E9218B4D470047C521 /* viewModels.swift in Sources */ = {isa = PBXBuildFile; fileRef = CFD5B7E8218B4D470047C521 /* viewModels.swift */; };
		CFD5B7EC218B4F5F0047C521 /* DataCell.swift in Sources */ = {isa = PBXBuildFile; fileRef = CFD5B7EA218B4F5F0047C521 /* DataCell.swift */; };
		CFD5B7ED218B4F5F0047C521 /* DataCell.xib in Resources */ = {isa = PBXBuildFile; fileRef = CFD5B7EB218B4F5F0047C521 /* DataCell.xib */; };
		CFD5B7F0218B51DD0047C521 /* MapCell.swift in Sources */ = {isa = PBXBuildFile; fileRef = CFD5B7EE218B51DD0047C521 /* MapCell.swift */; };
		CFD5B7F1218B51DD0047C521 /* MapCell.xib in Resources */ = {isa = PBXBuildFile; fileRef = CFD5B7EF218B51DD0047C521 /* MapCell.xib */; };
		CFDFF7172173A18E00205BDF /* MapViewController.swift in Sources */ = {isa = PBXBuildFile; fileRef = CFDFF7152173A18E00205BDF /* MapViewController.swift */; };
		CFDFF7182173A18E00205BDF /* MapViewController.xib in Resources */ = {isa = PBXBuildFile; fileRef = CFDFF7162173A18E00205BDF /* MapViewController.xib */; };
		CFDFF71B2173A1C500205BDF /* PassTableViewController.swift in Sources */ = {isa = PBXBuildFile; fileRef = CFDFF7192173A1C500205BDF /* PassTableViewController.swift */; };
		CFDFF71C2173A1C500205BDF /* PassTableViewController.xib in Resources */ = {isa = PBXBuildFile; fileRef = CFDFF71A2173A1C500205BDF /* PassTableViewController.xib */; };
		CFE08ACD2189A45300A86089 /* PassTableDataSource.swift in Sources */ = {isa = PBXBuildFile; fileRef = CFE08ACC2189A45300A86089 /* PassTableDataSource.swift */; };
		CFE08AD22189ACBB00A86089 /* PassTableDelegate.swift in Sources */ = {isa = PBXBuildFile; fileRef = CFE08AD12189ACBB00A86089 /* PassTableDelegate.swift */; };
/* End PBXBuildFile section */

/* Begin PBXFileReference section */
		CF034B462181C259003ED8D0 /* DetailAccessoryView.swift */ = {isa = PBXFileReference; lastKnownFileType = sourcecode.swift; path = DetailAccessoryView.swift; sourceTree = "<group>"; };
		CF034B482181C26C003ED8D0 /* DetailAccessoryView.xib */ = {isa = PBXFileReference; lastKnownFileType = file.xib; path = DetailAccessoryView.xib; sourceTree = "<group>"; };
		CF1722702173448F009E3577 /* PassIT.app */ = {isa = PBXFileReference; explicitFileType = wrapper.application; includeInIndex = 0; path = PassIT.app; sourceTree = BUILT_PRODUCTS_DIR; };
		CF1722732173448F009E3577 /* AppDelegate.swift */ = {isa = PBXFileReference; lastKnownFileType = sourcecode.swift; path = AppDelegate.swift; sourceTree = "<group>"; };
		CF17227A21734490009E3577 /* Assets.xcassets */ = {isa = PBXFileReference; lastKnownFileType = folder.assetcatalog; path = Assets.xcassets; sourceTree = "<group>"; };
		CF17227D21734490009E3577 /* Base */ = {isa = PBXFileReference; lastKnownFileType = file.storyboard; name = Base; path = Base.lproj/LaunchScreen.storyboard; sourceTree = "<group>"; };
		CF17227F21734490009E3577 /* Info.plist */ = {isa = PBXFileReference; lastKnownFileType = text.plist.xml; path = Info.plist; sourceTree = "<group>"; };
		CF348A36218C53D6007A1F6F /* PassDetailsViewController.swift */ = {isa = PBXFileReference; lastKnownFileType = sourcecode.swift; path = PassDetailsViewController.swift; sourceTree = "<group>"; };
		CF348A37218C53D6007A1F6F /* PassDetailsViewController.xib */ = {isa = PBXFileReference; lastKnownFileType = file.xib; path = PassDetailsViewController.xib; sourceTree = "<group>"; };
		CF348A3A218C627A007A1F6F /* PassDetailsDataSource.swift */ = {isa = PBXFileReference; lastKnownFileType = sourcecode.swift; path = PassDetailsDataSource.swift; sourceTree = "<group>"; };
		CF354634217E12D300759A84 /* Extensions.swift */ = {isa = PBXFileReference; lastKnownFileType = sourcecode.swift; path = Extensions.swift; sourceTree = "<group>"; };
		CF3AABB321F7621500A626D2 /* DependencyContainer.swift */ = {isa = PBXFileReference; lastKnownFileType = sourcecode.swift; path = DependencyContainer.swift; sourceTree = "<group>"; };
		CF4334792187082600473B97 /* PassCell.swift */ = {isa = PBXFileReference; lastKnownFileType = sourcecode.swift; path = PassCell.swift; sourceTree = "<group>"; };
		CF43347A2187082600473B97 /* PassCell.xib */ = {isa = PBXFileReference; lastKnownFileType = file.xib; path = PassCell.xib; sourceTree = "<group>"; };
		CF4E3FA121E0B4050019EBC0 /* DistanceAndTravelTimeCell.swift */ = {isa = PBXFileReference; lastKnownFileType = sourcecode.swift; path = DistanceAndTravelTimeCell.swift; sourceTree = "<group>"; };
		CF4E3FA221E0B4050019EBC0 /* DistanceAndTravelTimeCell.xib */ = {isa = PBXFileReference; lastKnownFileType = file.xib; path = DistanceAndTravelTimeCell.xib; sourceTree = "<group>"; };
		CF88578921D6264400F96511 /* UserLocation.swift */ = {isa = PBXFileReference; lastKnownFileType = sourcecode.swift; path = UserLocation.swift; sourceTree = "<group>"; };
		CFD094C9217CC8F600D350F1 /* JsonFile.swift */ = {isa = PBXFileReference; lastKnownFileType = sourcecode.swift; path = JsonFile.swift; sourceTree = "<group>"; };
		CFD094CB217CCA4900D350F1 /* PassMarkerView.swift */ = {isa = PBXFileReference; lastKnownFileType = sourcecode.swift; path = PassMarkerView.swift; sourceTree = "<group>"; };
		CFD094CD217CD38100D350F1 /* Passes.json */ = {isa = PBXFileReference; fileEncoding = 4; lastKnownFileType = text.json; name = Passes.json; path = PassIT/Passes.json; sourceTree = SOURCE_ROOT; };
		CFD36AFB217A19090025BB34 /* Pass.swift */ = {isa = PBXFileReference; lastKnownFileType = sourcecode.swift; path = Pass.swift; sourceTree = "<group>"; };
		CFD5B7E6218B4A230047C521 /* CellRepresentable.swift */ = {isa = PBXFileReference; lastKnownFileType = sourcecode.swift; path = CellRepresentable.swift; sourceTree = "<group>"; };
		CFD5B7E8218B4D470047C521 /* viewModels.swift */ = {isa = PBXFileReference; lastKnownFileType = sourcecode.swift; path = viewModels.swift; sourceTree = "<group>"; };
		CFD5B7EA218B4F5F0047C521 /* DataCell.swift */ = {isa = PBXFileReference; lastKnownFileType = sourcecode.swift; path = DataCell.swift; sourceTree = "<group>"; };
		CFD5B7EB218B4F5F0047C521 /* DataCell.xib */ = {isa = PBXFileReference; lastKnownFileType = file.xib; path = DataCell.xib; sourceTree = "<group>"; };
		CFD5B7EE218B51DD0047C521 /* MapCell.swift */ = {isa = PBXFileReference; lastKnownFileType = sourcecode.swift; path = MapCell.swift; sourceTree = "<group>"; };
		CFD5B7EF218B51DD0047C521 /* MapCell.xib */ = {isa = PBXFileReference; lastKnownFileType = file.xib; path = MapCell.xib; sourceTree = "<group>"; };
		CFDFF7152173A18E00205BDF /* MapViewController.swift */ = {isa = PBXFileReference; lastKnownFileType = sourcecode.swift; path = MapViewController.swift; sourceTree = "<group>"; };
		CFDFF7162173A18E00205BDF /* MapViewController.xib */ = {isa = PBXFileReference; lastKnownFileType = file.xib; path = MapViewController.xib; sourceTree = "<group>"; };
		CFDFF7192173A1C500205BDF /* PassTableViewController.swift */ = {isa = PBXFileReference; lastKnownFileType = sourcecode.swift; path = PassTableViewController.swift; sourceTree = "<group>"; };
		CFDFF71A2173A1C500205BDF /* PassTableViewController.xib */ = {isa = PBXFileReference; lastKnownFileType = file.xib; path = PassTableViewController.xib; sourceTree = "<group>"; };
		CFE08ACC2189A45300A86089 /* PassTableDataSource.swift */ = {isa = PBXFileReference; lastKnownFileType = sourcecode.swift; path = PassTableDataSource.swift; sourceTree = "<group>"; };
		CFE08AD12189ACBB00A86089 /* PassTableDelegate.swift */ = {isa = PBXFileReference; lastKnownFileType = sourcecode.swift; path = PassTableDelegate.swift; sourceTree = "<group>"; };
/* End PBXFileReference section */

/* Begin PBXFrameworksBuildPhase section */
		CF17226D2173448F009E3577 /* Frameworks */ = {
			isa = PBXFrameworksBuildPhase;
			buildActionMask = 2147483647;
			files = (
			);
			runOnlyForDeploymentPostprocessing = 0;
		};
/* End PBXFrameworksBuildPhase section */

/* Begin PBXGroup section */
		CF1722672173448F009E3577 = {
			isa = PBXGroup;
			children = (
				CF1722722173448F009E3577 /* PassIT */,
				CF1722712173448F009E3577 /* Products */,
				CFDFF7132173A14B00205BDF /* Elements */,
			);
			sourceTree = "<group>";
		};
		CF1722712173448F009E3577 /* Products */ = {
			isa = PBXGroup;
			children = (
				CF1722702173448F009E3577 /* PassIT.app */,
			);
			name = Products;
			sourceTree = "<group>";
		};
		CF1722722173448F009E3577 /* PassIT */ = {
			isa = PBXGroup;
			children = (
				CF1722732173448F009E3577 /* AppDelegate.swift */,
				CF17227A21734490009E3577 /* Assets.xcassets */,
				CF17227C21734490009E3577 /* LaunchScreen.storyboard */,
				CF17227F21734490009E3577 /* Info.plist */,
				CFD094CD217CD38100D350F1 /* Passes.json */,
			);
			path = PassIT;
			sourceTree = "<group>";
		};
		CF348A35218C53A4007A1F6F /* PassDetails */ = {
			isa = PBXGroup;
			children = (
				CF348A36218C53D6007A1F6F /* PassDetailsViewController.swift */,
				CF348A37218C53D6007A1F6F /* PassDetailsViewController.xib */,
				CF348A3A218C627A007A1F6F /* PassDetailsDataSource.swift */,
			);
			path = PassDetails;
			sourceTree = "<group>";
		};
		CF43347D2187083200473B97 /* Cells */ = {
			isa = PBXGroup;
			children = (
				CF4334792187082600473B97 /* PassCell.swift */,
				CF43347A2187082600473B97 /* PassCell.xib */,
				CFD5B7EA218B4F5F0047C521 /* DataCell.swift */,
				CFD5B7EB218B4F5F0047C521 /* DataCell.xib */,
				CFD5B7EE218B51DD0047C521 /* MapCell.swift */,
				CFD5B7EF218B51DD0047C521 /* MapCell.xib */,
				CF4E3FA121E0B4050019EBC0 /* DistanceAndTravelTimeCell.swift */,
				CF4E3FA221E0B4050019EBC0 /* DistanceAndTravelTimeCell.xib */,
			);
			path = Cells;
			sourceTree = "<group>";
		};
		CFDFF7132173A14B00205BDF /* Elements */ = {
			isa = PBXGroup;
			children = (
				CFE08AD02189AC6500A86089 /* DetailAccessoryView */,
				CF43347D2187083200473B97 /* Cells */,
				CFDFF7142173A15A00205BDF /* View Controllers */,
				CFD36AFB217A19090025BB34 /* Pass.swift */,
				CFD094C9217CC8F600D350F1 /* JsonFile.swift */,
				CFD094CB217CCA4900D350F1 /* PassMarkerView.swift */,
				CF354634217E12D300759A84 /* Extensions.swift */,
				CFD5B7E6218B4A230047C521 /* CellRepresentable.swift */,
				CFD5B7E8218B4D470047C521 /* viewModels.swift */,
				CF88578921D6264400F96511 /* UserLocation.swift */,
				CF3AABB321F7621500A626D2 /* DependencyContainer.swift */,
			);
			path = Elements;
			sourceTree = "<group>";
		};
		CFDFF7142173A15A00205BDF /* View Controllers */ = {
			isa = PBXGroup;
			children = (
				CFE08ACE2189ABFE00A86089 /* Map */,
				CFE08ACF2189AC1300A86089 /* PassTable */,
				CF348A35218C53A4007A1F6F /* PassDetails */,
			);
			path = "View Controllers";
			sourceTree = "<group>";
		};
		CFE08ACE2189ABFE00A86089 /* Map */ = {
			isa = PBXGroup;
			children = (
				CFDFF7152173A18E00205BDF /* MapViewController.swift */,
				CFDFF7162173A18E00205BDF /* MapViewController.xib */,
			);
			path = Map;
			sourceTree = "<group>";
		};
		CFE08ACF2189AC1300A86089 /* PassTable */ = {
			isa = PBXGroup;
			children = (
				CFDFF7192173A1C500205BDF /* PassTableViewController.swift */,
				CFDFF71A2173A1C500205BDF /* PassTableViewController.xib */,
				CFE08ACC2189A45300A86089 /* PassTableDataSource.swift */,
				CFE08AD12189ACBB00A86089 /* PassTableDelegate.swift */,
			);
			path = PassTable;
			sourceTree = "<group>";
		};
		CFE08AD02189AC6500A86089 /* DetailAccessoryView */ = {
			isa = PBXGroup;
			children = (
				CF034B462181C259003ED8D0 /* DetailAccessoryView.swift */,
				CF034B482181C26C003ED8D0 /* DetailAccessoryView.xib */,
			);
			path = DetailAccessoryView;
			sourceTree = "<group>";
		};
/* End PBXGroup section */

/* Begin PBXNativeTarget section */
		CF17226F2173448F009E3577 /* PassIT */ = {
			isa = PBXNativeTarget;
			buildConfigurationList = CF17228221734490009E3577 /* Build configuration list for PBXNativeTarget "PassIT" */;
			buildPhases = (
				CF17226C2173448F009E3577 /* Sources */,
				CF17226D2173448F009E3577 /* Frameworks */,
				CF17226E2173448F009E3577 /* Resources */,
			);
			buildRules = (
			);
			dependencies = (
			);
			name = PassIT;
			productName = PassIT;
			productReference = CF1722702173448F009E3577 /* PassIT.app */;
			productType = "com.apple.product-type.application";
		};
/* End PBXNativeTarget section */

/* Begin PBXProject section */
		CF1722682173448F009E3577 /* Project object */ = {
			isa = PBXProject;
			attributes = {
				LastSwiftUpdateCheck = 1000;
				LastUpgradeCheck = 1000;
				ORGANIZATIONNAME = "Paolo Rocca";
				TargetAttributes = {
					CF17226F2173448F009E3577 = {
						CreatedOnToolsVersion = 10.0;
					};
				};
			};
			buildConfigurationList = CF17226B2173448F009E3577 /* Build configuration list for PBXProject "PassIT" */;
			compatibilityVersion = "Xcode 9.3";
			developmentRegion = en;
			hasScannedForEncodings = 0;
			knownRegions = (
				en,
				Base,
			);
			mainGroup = CF1722672173448F009E3577;
			productRefGroup = CF1722712173448F009E3577 /* Products */;
			projectDirPath = "";
			projectRoot = "";
			targets = (
				CF17226F2173448F009E3577 /* PassIT */,
			);
		};
/* End PBXProject section */

/* Begin PBXResourcesBuildPhase section */
		CF17226E2173448F009E3577 /* Resources */ = {
			isa = PBXResourcesBuildPhase;
			buildActionMask = 2147483647;
			files = (
				CF17227E21734490009E3577 /* LaunchScreen.storyboard in Resources */,
				CF43347C2187082600473B97 /* PassCell.xib in Resources */,
				CF4E3FA421E0B4050019EBC0 /* DistanceAndTravelTimeCell.xib in Resources */,
				CF348A39218C53D6007A1F6F /* PassDetailsViewController.xib in Resources */,
				CFDFF7182173A18E00205BDF /* MapViewController.xib in Resources */,
				CF034B492181C26C003ED8D0 /* DetailAccessoryView.xib in Resources */,
				CFD094CE217CD38100D350F1 /* Passes.json in Resources */,
				CFDFF71C2173A1C500205BDF /* PassTableViewController.xib in Resources */,
				CF17227B21734490009E3577 /* Assets.xcassets in Resources */,
				CFD5B7ED218B4F5F0047C521 /* DataCell.xib in Resources */,
				CFD5B7F1218B51DD0047C521 /* MapCell.xib in Resources */,
			);
			runOnlyForDeploymentPostprocessing = 0;
		};
/* End PBXResourcesBuildPhase section */

/* Begin PBXSourcesBuildPhase section */
		CF17226C2173448F009E3577 /* Sources */ = {
			isa = PBXSourcesBuildPhase;
			buildActionMask = 2147483647;
			files = (
				CFE08AD22189ACBB00A86089 /* PassTableDelegate.swift in Sources */,
				CF034B472181C259003ED8D0 /* DetailAccessoryView.swift in Sources */,
				CFE08ACD2189A45300A86089 /* PassTableDataSource.swift in Sources */,
				CF88578A21D6264400F96511 /* UserLocation.swift in Sources */,
				CFD5B7EC218B4F5F0047C521 /* DataCell.swift in Sources */,
				CFD36AFC217A19090025BB34 /* Pass.swift in Sources */,
				CF3AABB421F7621500A626D2 /* DependencyContainer.swift in Sources */,
				CFD094CC217CCA4900D350F1 /* PassMarkerView.swift in Sources */,
				CF348A38218C53D6007A1F6F /* PassDetailsViewController.swift in Sources */,
				CF1722742173448F009E3577 /* AppDelegate.swift in Sources */,
				CFDFF71B2173A1C500205BDF /* PassTableViewController.swift in Sources */,
				CFD5B7E7218B4A230047C521 /* CellRepresentable.swift in Sources */,
				CF43347B2187082600473B97 /* PassCell.swift in Sources */,
				CFDFF7172173A18E00205BDF /* MapViewController.swift in Sources */,
				CFD094CA217CC8F600D350F1 /* JsonFile.swift in Sources */,
				CF348A3B218C627A007A1F6F /* PassDetailsDataSource.swift in Sources */,
				CFD5B7E9218B4D470047C521 /* viewModels.swift in Sources */,
				CF354635217E12D300759A84 /* Extensions.swift in Sources */,
				CFD5B7F0218B51DD0047C521 /* MapCell.swift in Sources */,
				CF4E3FA321E0B4050019EBC0 /* DistanceAndTravelTimeCell.swift in Sources */,
			);
			runOnlyForDeploymentPostprocessing = 0;
		};
/* End PBXSourcesBuildPhase section */

/* Begin PBXVariantGroup section */
		CF17227C21734490009E3577 /* LaunchScreen.storyboard */ = {
			isa = PBXVariantGroup;
			children = (
				CF17227D21734490009E3577 /* Base */,
			);
			name = LaunchScreen.storyboard;
			sourceTree = "<group>";
		};
/* End PBXVariantGroup section */

/* Begin XCBuildConfiguration section */
		CF17228021734490009E3577 /* Debug */ = {
			isa = XCBuildConfiguration;
			buildSettings = {
				ALWAYS_SEARCH_USER_PATHS = NO;
				CLANG_ANALYZER_NONNULL = YES;
				CLANG_ANALYZER_NUMBER_OBJECT_CONVERSION = YES_AGGRESSIVE;
				CLANG_CXX_LANGUAGE_STANDARD = "gnu++14";
				CLANG_CXX_LIBRARY = "libc++";
				CLANG_ENABLE_MODULES = YES;
				CLANG_ENABLE_OBJC_ARC = YES;
				CLANG_ENABLE_OBJC_WEAK = YES;
				CLANG_WARN_BLOCK_CAPTURE_AUTORELEASING = YES;
				CLANG_WARN_BOOL_CONVERSION = YES;
				CLANG_WARN_COMMA = YES;
				CLANG_WARN_CONSTANT_CONVERSION = YES;
				CLANG_WARN_DEPRECATED_OBJC_IMPLEMENTATIONS = YES;
				CLANG_WARN_DIRECT_OBJC_ISA_USAGE = YES_ERROR;
				CLANG_WARN_DOCUMENTATION_COMMENTS = YES;
				CLANG_WARN_EMPTY_BODY = YES;
				CLANG_WARN_ENUM_CONVERSION = YES;
				CLANG_WARN_INFINITE_RECURSION = YES;
				CLANG_WARN_INT_CONVERSION = YES;
				CLANG_WARN_NON_LITERAL_NULL_CONVERSION = YES;
				CLANG_WARN_OBJC_IMPLICIT_RETAIN_SELF = YES;
				CLANG_WARN_OBJC_LITERAL_CONVERSION = YES;
				CLANG_WARN_OBJC_ROOT_CLASS = YES_ERROR;
				CLANG_WARN_RANGE_LOOP_ANALYSIS = YES;
				CLANG_WARN_STRICT_PROTOTYPES = YES;
				CLANG_WARN_SUSPICIOUS_MOVE = YES;
				CLANG_WARN_UNGUARDED_AVAILABILITY = YES_AGGRESSIVE;
				CLANG_WARN_UNREACHABLE_CODE = YES;
				CLANG_WARN__DUPLICATE_METHOD_MATCH = YES;
				CODE_SIGN_IDENTITY = "iPhone Developer";
				COPY_PHASE_STRIP = NO;
				DEBUG_INFORMATION_FORMAT = dwarf;
				ENABLE_STRICT_OBJC_MSGSEND = YES;
				ENABLE_TESTABILITY = YES;
				GCC_C_LANGUAGE_STANDARD = gnu11;
				GCC_DYNAMIC_NO_PIC = NO;
				GCC_NO_COMMON_BLOCKS = YES;
				GCC_OPTIMIZATION_LEVEL = 0;
				GCC_PREPROCESSOR_DEFINITIONS = (
					"DEBUG=1",
					"$(inherited)",
				);
				GCC_WARN_64_TO_32_BIT_CONVERSION = YES;
				GCC_WARN_ABOUT_RETURN_TYPE = YES_ERROR;
				GCC_WARN_UNDECLARED_SELECTOR = YES;
				GCC_WARN_UNINITIALIZED_AUTOS = YES_AGGRESSIVE;
				GCC_WARN_UNUSED_FUNCTION = YES;
				GCC_WARN_UNUSED_VARIABLE = YES;
				IPHONEOS_DEPLOYMENT_TARGET = 12.0;
				MTL_ENABLE_DEBUG_INFO = INCLUDE_SOURCE;
				MTL_FAST_MATH = YES;
				ONLY_ACTIVE_ARCH = YES;
				SDKROOT = iphoneos;
				SWIFT_ACTIVE_COMPILATION_CONDITIONS = DEBUG;
				SWIFT_OPTIMIZATION_LEVEL = "-Onone";
			};
			name = Debug;
		};
		CF17228121734490009E3577 /* Release */ = {
			isa = XCBuildConfiguration;
			buildSettings = {
				ALWAYS_SEARCH_USER_PATHS = NO;
				CLANG_ANALYZER_NONNULL = YES;
				CLANG_ANALYZER_NUMBER_OBJECT_CONVERSION = YES_AGGRESSIVE;
				CLANG_CXX_LANGUAGE_STANDARD = "gnu++14";
				CLANG_CXX_LIBRARY = "libc++";
				CLANG_ENABLE_MODULES = YES;
				CLANG_ENABLE_OBJC_ARC = YES;
				CLANG_ENABLE_OBJC_WEAK = YES;
				CLANG_WARN_BLOCK_CAPTURE_AUTORELEASING = YES;
				CLANG_WARN_BOOL_CONVERSION = YES;
				CLANG_WARN_COMMA = YES;
				CLANG_WARN_CONSTANT_CONVERSION = YES;
				CLANG_WARN_DEPRECATED_OBJC_IMPLEMENTATIONS = YES;
				CLANG_WARN_DIRECT_OBJC_ISA_USAGE = YES_ERROR;
				CLANG_WARN_DOCUMENTATION_COMMENTS = YES;
				CLANG_WARN_EMPTY_BODY = YES;
				CLANG_WARN_ENUM_CONVERSION = YES;
				CLANG_WARN_INFINITE_RECURSION = YES;
				CLANG_WARN_INT_CONVERSION = YES;
				CLANG_WARN_NON_LITERAL_NULL_CONVERSION = YES;
				CLANG_WARN_OBJC_IMPLICIT_RETAIN_SELF = YES;
				CLANG_WARN_OBJC_LITERAL_CONVERSION = YES;
				CLANG_WARN_OBJC_ROOT_CLASS = YES_ERROR;
				CLANG_WARN_RANGE_LOOP_ANALYSIS = YES;
				CLANG_WARN_STRICT_PROTOTYPES = YES;
				CLANG_WARN_SUSPICIOUS_MOVE = YES;
				CLANG_WARN_UNGUARDED_AVAILABILITY = YES_AGGRESSIVE;
				CLANG_WARN_UNREACHABLE_CODE = YES;
				CLANG_WARN__DUPLICATE_METHOD_MATCH = YES;
				CODE_SIGN_IDENTITY = "iPhone Developer";
				COPY_PHASE_STRIP = NO;
				DEBUG_INFORMATION_FORMAT = "dwarf-with-dsym";
				ENABLE_NS_ASSERTIONS = NO;
				ENABLE_STRICT_OBJC_MSGSEND = YES;
				GCC_C_LANGUAGE_STANDARD = gnu11;
				GCC_NO_COMMON_BLOCKS = YES;
				GCC_WARN_64_TO_32_BIT_CONVERSION = YES;
				GCC_WARN_ABOUT_RETURN_TYPE = YES_ERROR;
				GCC_WARN_UNDECLARED_SELECTOR = YES;
				GCC_WARN_UNINITIALIZED_AUTOS = YES_AGGRESSIVE;
				GCC_WARN_UNUSED_FUNCTION = YES;
				GCC_WARN_UNUSED_VARIABLE = YES;
				IPHONEOS_DEPLOYMENT_TARGET = 12.0;
				MTL_ENABLE_DEBUG_INFO = NO;
				MTL_FAST_MATH = YES;
				SDKROOT = iphoneos;
				SWIFT_COMPILATION_MODE = wholemodule;
				SWIFT_OPTIMIZATION_LEVEL = "-O";
				VALIDATE_PRODUCT = YES;
			};
			name = Release;
		};
		CF17228321734490009E3577 /* Debug */ = {
			isa = XCBuildConfiguration;
			buildSettings = {
				ASSETCATALOG_COMPILER_APPICON_NAME = AppIcon;
				CODE_SIGN_STYLE = Automatic;
				DEVELOPMENT_TEAM = Y99795RM29;
				INFOPLIST_FILE = PassIT/Info.plist;
				LD_RUNPATH_SEARCH_PATHS = (
					"$(inherited)",
					"@executable_path/Frameworks",
				);
				PRODUCT_BUNDLE_IDENTIFIER = PaoloRocca.PassIT;
				PRODUCT_NAME = "$(TARGET_NAME)";
				SWIFT_VERSION = 4.2;
				TARGETED_DEVICE_FAMILY = 1;
			};
			name = Debug;
		};
		CF17228421734490009E3577 /* Release */ = {
			isa = XCBuildConfiguration;
			buildSettings = {
				ASSETCATALOG_COMPILER_APPICON_NAME = AppIcon;
				CODE_SIGN_STYLE = Automatic;
				DEVELOPMENT_TEAM = Y99795RM29;
				INFOPLIST_FILE = PassIT/Info.plist;
				LD_RUNPATH_SEARCH_PATHS = (
					"$(inherited)",
					"@executable_path/Frameworks",
				);
				PRODUCT_BUNDLE_IDENTIFIER = PaoloRocca.PassIT;
				PRODUCT_NAME = "$(TARGET_NAME)";
				SWIFT_VERSION = 4.2;
				TARGETED_DEVICE_FAMILY = 1;
			};
			name = Release;
		};
/* End XCBuildConfiguration section */

/* Begin XCConfigurationList section */
		CF17226B2173448F009E3577 /* Build configuration list for PBXProject "PassIT" */ = {
			isa = XCConfigurationList;
			buildConfigurations = (
				CF17228021734490009E3577 /* Debug */,
				CF17228121734490009E3577 /* Release */,
			);
			defaultConfigurationIsVisible = 0;
			defaultConfigurationName = Release;
		};
		CF17228221734490009E3577 /* Build configuration list for PBXNativeTarget "PassIT" */ = {
			isa = XCConfigurationList;
			buildConfigurations = (
				CF17228321734490009E3577 /* Debug */,
				CF17228421734490009E3577 /* Release */,
			);
			defaultConfigurationIsVisible = 0;
			defaultConfigurationName = Release;
		};
/* End XCConfigurationList section */
	};
	rootObject = CF1722682173448F009E3577 /* Project object */;
}
